
Microsoft Visual Studio Solution File, Format Version 12.00
# Visual Studio Version 17
VisualStudioVersion = 17.12.35707.178
MinimumVisualStudioVersion = 10.0.40219.1
Project("{FAE04EC0-301F-11D3-BF4B-00C04F79EFBC}") = "ProductService", "ProductService\ProductService.csproj", "{200BE3C9-FACE-46B1-8A5F-5C9A1192E1E9}"
EndProject
Project("{FAE04EC0-301F-11D3-BF4B-00C04F79EFBC}") = "OrderService", "OrderService\OrderService.csproj", "{268FE55E-6D38-453B-A851-E8B77C9DCA6A}"
EndProject
Project("{FAE04EC0-301F-11D3-BF4B-00C04F79EFBC}") = "UserService", "UserService\UserService.csproj", "{22CCFBF9-98D9-4D35-9C0C-34B1CEB0B768}"
EndProject
Project("{FAE04EC0-301F-11D3-BF4B-00C04F79EFBC}") = "GatewayService", "GatewayService\GatewayService.csproj", "{57D11896-709F-4E61-A1D8-8D78C1AC0161}"
EndProject
Project("{2150E333-8FDC-42A3-9474-1A3956D46DE8}") = "Solution Items", "Solution Items", "{2E79F184-A8B7-4C60-A448-335224F4E11C}"
	ProjectSection(SolutionItems) = preProject
		docker-compose.yml = docker-compose.yml
		k8s\gateway-deployment.yaml = k8s\gateway-deployment.yaml
		k8s\order-deployment.yaml = k8s\order-deployment.yaml
		k8s\product-deployment.yaml = k8s\product-deployment.yaml
		k8s\user-deployment.yaml = k8s\user-deployment.yaml
	EndProjectSection
EndProject
Project("{2150E333-8FDC-42A3-9474-1A3956D46DE8}") = "k8s", "k8s", "{59DAFBA5-3DC2-4BB6-81C6-EF3A24D68B98}"
	ProjectSection(SolutionItems) = preProject
		k8s\gateway-deployment.yaml = k8s\gateway-deployment.yaml
		k8s\order-deployment.yaml = k8s\order-deployment.yaml
		k8s\product-deployment.yaml = k8s\product-deployment.yaml
		k8s\user-deployment.yaml = k8s\user-deployment.yaml
	EndProjectSection
EndProject
Global
	GlobalSection(SolutionConfigurationPlatforms) = preSolution
		Debug|Any CPU = Debug|Any CPU
		Release|Any CPU = Release|Any CPU
	EndGlobalSection
	GlobalSection(ProjectConfigurationPlatforms) = postSolution
		{200BE3C9-FACE-46B1-8A5F-5C9A1192E1E9}.Debug|Any CPU.ActiveCfg = Debug|Any CPU
		{200BE3C9-FACE-46B1-8A5F-5C9A1192E1E9}.Debug|Any CPU.Build.0 = Debug|Any CPU
		{200BE3C9-FACE-46B1-8A5F-5C9A1192E1E9}.Release|Any CPU.ActiveCfg = Release|Any CPU
		{200BE3C9-FACE-46B1-8A5F-5C9A1192E1E9}.Release|Any CPU.Build.0 = Release|Any CPU
		{268FE55E-6D38-453B-A851-E8B77C9DCA6A}.Debug|Any CPU.ActiveCfg = Debug|Any CPU
		{268FE55E-6D38-453B-A851-E8B77C9DCA6A}.Debug|Any CPU.Build.0 = Debug|Any CPU
		{268FE55E-6D38-453B-A851-E8B77C9DCA6A}.Release|Any CPU.ActiveCfg = Release|Any CPU
		{268FE55E-6D38-453B-A851-E8B77C9DCA6A}.Release|Any CPU.Build.0 = Release|Any CPU
		{22CCFBF9-98D9-4D35-9C0C-34B1CEB0B768}.Debug|Any CPU.ActiveCfg = Debug|Any CPU
		{22CCFBF9-98D9-4D35-9C0C-34B1CEB0B768}.Debug|Any CPU.Build.0 = Debug|Any CPU
		{22CCFBF9-98D9-4D35-9C0C-34B1CEB0B768}.Release|Any CPU.ActiveCfg = Release|Any CPU
		{22CCFBF9-98D9-4D35-9C0C-34B1CEB0B768}.Release|Any CPU.Build.0 = Release|Any CPU
		{57D11896-709F-4E61-A1D8-8D78C1AC0161}.Debug|Any CPU.ActiveCfg = Debug|Any CPU
		{57D11896-709F-4E61-A1D8-8D78C1AC0161}.Debug|Any CPU.Build.0 = Debug|Any CPU
		{57D11896-709F-4E61-A1D8-8D78C1AC0161}.Release|Any CPU.ActiveCfg = Release|Any CPU
		{57D11896-709F-4E61-A1D8-8D78C1AC0161}.Release|Any CPU.Build.0 = Release|Any CPU
	EndGlobalSection
	GlobalSection(SolutionProperties) = preSolution
		HideSolutionNode = FALSE
	EndGlobalSection
EndGlobal
